
Microsoft Visual Studio Solution File, Format Version 12.00
# Visual Studio Version 17
VisualStudioVersion = 17.5.33502.453
MinimumVisualStudioVersion = 10.0.40219.1
Project("{FAE04EC0-301F-11D3-BF4B-00C04F79EFBC}") = "NetLinqAgregateApp", "NetLinqAgregateApp\NetLinqAgregateApp.csproj", "{D4AE2A1D-7223-4DCC-9433-3BB3E0EEA44A}"
EndProject
Global
	GlobalSection(SolutionConfigurationPlatforms) = preSolution
		Debug|Any CPU = Debug|Any CPU
		Release|Any CPU = Release|Any CPU
	EndGlobalSection
	GlobalSection(ProjectConfigurationPlatforms) = postSolution
		{D4AE2A1D-7223-4DCC-9433-3BB3E0EEA44A}.Debug|Any CPU.ActiveCfg = Debug|Any CPU
		{D4AE2A1D-7223-4DCC-9433-3BB3E0EEA44A}.Debug|Any CPU.Build.0 = Debug|Any CPU
		{D4AE2A1D-7223-4DCC-9433-3BB3E0EEA44A}.Release|Any CPU.ActiveCfg = Release|Any CPU
		{D4AE2A1D-7223-4DCC-9433-3BB3E0EEA44A}.Release|Any CPU.Build.0 = Release|Any CPU
	EndGlobalSection
	GlobalSection(SolutionProperties) = preSolution
		HideSolutionNode = FALSE
	EndGlobalSection
	GlobalSection(ExtensibilityGlobals) = postSolution
		SolutionGuid = {A21AA355-7B33-4AD4-AE28-E7CAE56B241B}
	EndGlobalSection
EndGlobal
